# THIS IS AN AUTOGENERATED FILE. DO NOT EDIT THIS FILE DIRECTLY.
# yarn lockfile v1


"@remix-run/router@1.0.1":
  version "1.0.1"
  resolved "https://registry.yarnpkg.com/@remix-run/router/-/router-1.0.1.tgz#88d7ac31811ab0cef14aaaeae2a0474923b278bc"
  integrity sha512-eBV5rvW4dRFOU1eajN7FmYxjAIVz/mRHgUE9En9mBn6m3mulK3WTR5C3iQhL9MZ14rWAq+xOlEaCkDiW0/heOg==

"@types/history@^4.7.11":
  version "4.7.11"
  resolved "https://registry.yarnpkg.com/@types/history/-/history-4.7.11.tgz#56588b17ae8f50c53983a524fc3cc47437969d64"
  integrity sha512-qjDJRrmvBMiTx+jyLxvLfJU7UznFuokDv4f3WRuriHKERccVpFU+8XMQUAbDzoiJCsmexxRExQeMwwCdamSKDA==

"@types/prop-types@*":
  version "15.7.5"
  resolved "https://registry.yarnpkg.com/@types/prop-types/-/prop-types-15.7.5.tgz#5f19d2b85a98e9558036f6a3cacc8819420f05cf"
  integrity sha512-JCB8C6SnDoQf0cNycqd/35A7MjcnK+ZTqE7judS6o7utxUCg6imJg3QK2qzHKszlTjcj2cn+NwMB2i96ubpj7w==

"@types/react-router@^5.1.19":
  version "5.1.19"
  resolved "https://registry.yarnpkg.com/@types/react-router/-/react-router-5.1.19.tgz#9b404246fba7f91474d7008a3d48c17b6e075ad6"
  integrity sha512-Fv/5kb2STAEMT3wHzdKQK2z8xKq38EDIGVrutYLmQVVLe+4orDFquU52hQrULnEHinMKv9FSA6lf9+uNT1ITtA==
  dependencies:
    "@types/history" "^4.7.11"
    "@types/react" "*"

"@types/react@*", "@types/react@^18.0.21":
  version "18.0.21"
  resolved "https://registry.yarnpkg.com/@types/react/-/react-18.0.21.tgz#b8209e9626bb00a34c76f55482697edd2b43cc67"
  integrity sha512-7QUCOxvFgnD5Jk8ZKlUAhVcRj7GuJRjnjjiY/IUBWKgOlnvDvTMLD4RTF7NPyVmbRhNrbomZiOepg7M/2Kj1mA==
  dependencies:
    "@types/prop-types" "*"
    "@types/scheduler" "*"
    csstype "^3.0.2"

"@types/scheduler@*":
  version "0.16.2"
  resolved "https://registry.yarnpkg.com/@types/scheduler/-/scheduler-0.16.2.tgz#1a62f89525723dde24ba1b01b092bf5df8ad4d39"
  integrity sha512-hppQEBDmlwhFAXKJX2KnWLYu5yMfi91yazPb2l+lbJiwW+wdo1gNeRA+3RgNSO39WYX2euey41KEwnqesU2Jew==

csstype@^3.0.2:
  version "3.1.1"
  resolved "https://registry.yarnpkg.com/csstype/-/csstype-3.1.1.tgz#841b532c45c758ee546a11d5bd7b7b473c8c30b9"
  integrity sha512-DJR/VvkAvSZW9bTouZue2sSxDwdTN92uHjqeKVm+0dAqdfNykRzQ95tay8aXMBAAPpUiq4Qcug2L7neoRh2Egw==

events@^3.3.0:
  version "3.3.0"
  resolved "https://registry.yarnpkg.com/events/-/events-3.3.0.tgz#31a95ad0a924e2d2c419a813aeb2c4e878ea7400"
  integrity sha512-mQw+2fkQbALzQ7V0MY0IqdnXNOeTtP4r0lN9z7AAawCXgqea7bDii20AYrIBrFd/Hx0M2Ocz6S111CaFkUcb0Q==

graphology-types@^0.24.4:
  version "0.24.4"
  resolved "https://registry.yarnpkg.com/graphology-types/-/graphology-types-0.24.4.tgz#299120fb50dcd7915204068715e7cfc9ef8b5e3c"
  integrity sha512-CSgmycWiviCctMFO86YoUTJN1t4/PLKC5Pos2Hite+7kCUXTr+mGlDUAOgpcKG1IfFaeL9VDmTjFpzs2rTnPWw==

graphology@^0.25.0:
  version "0.25.0"
  resolved "https://registry.yarnpkg.com/graphology/-/graphology-0.25.0.tgz#c2c85940210730e6a4e1bb9722bff99f38cff173"
  integrity sha512-z0uwplYrhnQ2iwlqJZyd6CX0Xb9AIVNzK6N0MZouYCQBqMqz36s7YmEqqhuRj0ap7F/LX3dQjeWWRIkTkaGfEA==
  dependencies:
    events "^3.3.0"
    obliterator "^2.0.2"

"js-tokens@^3.0.0 || ^4.0.0":
  version "4.0.0"
  resolved "https://registry.yarnpkg.com/js-tokens/-/js-tokens-4.0.0.tgz#19203fb59991df98e3a287050d4647cdeaf32499"
  integrity sha512-RdJUflcE3cUzKiMqQgsCu06FPu9UdIJO0beYbPhHN4k6apgJtifcoCtT9bcxOpYBtpD2kCM6Sbzg4CausW/PKQ==

loose-envify@^1.1.0:
  version "1.4.0"
  resolved "https://registry.yarnpkg.com/loose-envify/-/loose-envify-1.4.0.tgz#71ee51fa7be4caec1a63839f7e682d8132d30caf"
  integrity sha512-lyuxPGr/Wfhrlem2CL/UcnUc1zcqKAImBDzukY7Y5F/yQiNdko6+fRLevlw1HgMySw7f611UIY408EtxRSoK3Q==
  dependencies:
    js-tokens "^3.0.0 || ^4.0.0"

obliterator@^2.0.2:
  version "2.0.4"
  resolved "https://registry.yarnpkg.com/obliterator/-/obliterator-2.0.4.tgz#fa650e019b2d075d745e44f1effeb13a2adbe816"
  integrity sha512-lgHwxlxV1qIg1Eap7LgIeoBWIMFibOjbrYPIPJZcI1mmGAI2m3lNYpK12Y+GBdPQ0U1hRwSord7GIaawz962qQ==

react-router@^6.4.1:
  version "6.4.1"
  resolved "https://registry.yarnpkg.com/react-router/-/react-router-6.4.1.tgz#dd9cc4dfa264751d143a4b6c9d4faa60ab3ce26c"
  integrity sha512-OJASKp5AykDWFewgWUim1vlLr7yfD4vO/h+bSgcP/ix8Md+LMHuAjovA74MQfsfhQJGGN1nHRhwS5qQQbbBt3A==
  dependencies:
    "@remix-run/router" "1.0.1"

react@^18.2.0:
  version "18.2.0"
  resolved "https://registry.yarnpkg.com/react/-/react-18.2.0.tgz#555bd98592883255fa00de14f1151a917b5d77d5"
  integrity sha512-/3IjMdb2L9QbBdWiW5e3P2/npwMBaU9mHCSCUzNln0ZCYbcfTsGbTJrU/kGemdH2IWmB2ioZ+zkxtmq6g09fGQ==
  dependencies:
    loose-envify "^1.1.0"

typescript@^4.8.4:
  version "4.8.4"
  resolved "https://registry.yarnpkg.com/typescript/-/typescript-4.8.4.tgz#c464abca159669597be5f96b8943500b238e60e6"
  integrity sha512-QCh+85mCy+h0IGff8r5XWzOVSbBO+KfeYrMQh7NJ58QujwcE22u+NUSmUxqF+un70P9GXKxa2HCNiTTMJknyjQ==
